
Microsoft Visual Studio Solution File, Format Version 12.00
# Visual Studio 15
VisualStudioVersion = 15.0.28307.960
MinimumVisualStudioVersion = 10.0.40219.1
Project("{2150E333-8FDC-42A3-9474-1A3956D46DE8}") = "Microservices", "Microservices", "{84B0669D-6F91-4E00-94E3-A3E7A2221F47}"
EndProject
Project("{2150E333-8FDC-42A3-9474-1A3956D46DE8}") = "Domain", "Domain", "{1D91AA4F-8F93-4167-AB06-AE1354705802}"
EndProject
Project("{2150E333-8FDC-42A3-9474-1A3956D46DE8}") = "Infra.Bus", "Infra.Bus", "{648D26BA-71FD-481C-90AE-BD0854B85443}"
EndProject
Project("{2150E333-8FDC-42A3-9474-1A3956D46DE8}") = "Infra.IoC", "Infra.IoC", "{ED6ABE56-1B17-4FD3-A42D-A6FE06952FE3}"
EndProject
Project("{2150E333-8FDC-42A3-9474-1A3956D46DE8}") = "Presentation", "Presentation", "{AB46E198-D977-44B5-99D6-41E10E00DA5E}"
EndProject
Project("{FAE04EC0-301F-11D3-BF4B-00C04F79EFBC}") = "MicroRabbit.Domain.Core", "MicroRabbit.Domain.Core\MicroRabbit.Domain.Core.csproj", "{D6306F8E-8222-4326-BA2F-75A80D6941F8}"
EndProject
Global
	GlobalSection(SolutionConfigurationPlatforms) = preSolution
		Debug|Any CPU = Debug|Any CPU
		Release|Any CPU = Release|Any CPU
	EndGlobalSection
	GlobalSection(ProjectConfigurationPlatforms) = postSolution
		{D6306F8E-8222-4326-BA2F-75A80D6941F8}.Debug|Any CPU.ActiveCfg = Debug|Any CPU
		{D6306F8E-8222-4326-BA2F-75A80D6941F8}.Debug|Any CPU.Build.0 = Debug|Any CPU
		{D6306F8E-8222-4326-BA2F-75A80D6941F8}.Release|Any CPU.ActiveCfg = Release|Any CPU
		{D6306F8E-8222-4326-BA2F-75A80D6941F8}.Release|Any CPU.Build.0 = Release|Any CPU
	EndGlobalSection
	GlobalSection(SolutionProperties) = preSolution
		HideSolutionNode = FALSE
	EndGlobalSection
	GlobalSection(NestedProjects) = preSolution
		{D6306F8E-8222-4326-BA2F-75A80D6941F8} = {1D91AA4F-8F93-4167-AB06-AE1354705802}
	EndGlobalSection
	GlobalSection(ExtensibilityGlobals) = postSolution
		SolutionGuid = {9AD083A8-3341-498B-A9E4-862E3E9CDAB6}
	EndGlobalSection
EndGlobal
