
Microsoft Visual Studio Solution File, Format Version 12.00
# Visual Studio 15
VisualStudioVersion = 15.0.28307.960
MinimumVisualStudioVersion = 10.0.40219.1
Project("{2150E333-8FDC-42A3-9474-1A3956D46DE8}") = "Microservices", "Microservices", "{84B0669D-6F91-4E00-94E3-A3E7A2221F47}"
EndProject
Project("{2150E333-8FDC-42A3-9474-1A3956D46DE8}") = "Domain", "Domain", "{1D91AA4F-8F93-4167-AB06-AE1354705802}"
EndProject
Project("{2150E333-8FDC-42A3-9474-1A3956D46DE8}") = "Infra.Bus", "Infra.Bus", "{648D26BA-71FD-481C-90AE-BD0854B85443}"
EndProject
Project("{2150E333-8FDC-42A3-9474-1A3956D46DE8}") = "Infra.IoC", "Infra.IoC", "{ED6ABE56-1B17-4FD3-A42D-A6FE06952FE3}"
EndProject
Project("{2150E333-8FDC-42A3-9474-1A3956D46DE8}") = "Presentation", "Presentation", "{AB46E198-D977-44B5-99D6-41E10E00DA5E}"
EndProject
Project("{9A19103F-16F7-4668-BE54-9A1E7A4F7556}") = "MicroRabbit.Domain.Core", "MicroRabbit.Domain.Core\MicroRabbit.Domain.Core.csproj", "{D6306F8E-8222-4326-BA2F-75A80D6941F8}"
EndProject
Project("{9A19103F-16F7-4668-BE54-9A1E7A4F7556}") = "MicroRabbit.Infra.Bus", "MicroRabbit.Infra.Bus\MicroRabbit.Infra.Bus.csproj", "{0E31C750-E563-4150-815C-41B4C8CF4D8D}"
EndProject
Project("{9A19103F-16F7-4668-BE54-9A1E7A4F7556}") = "MicroRabbit.Infra.IoC", "MicroRabbit.Infra.IoC\MicroRabbit.Infra.IoC.csproj", "{F08D8CFA-B82A-4D8E-A768-37862C622EE0}"
EndProject
Project("{2150E333-8FDC-42A3-9474-1A3956D46DE8}") = "Banking", "Banking", "{2A399F71-467C-488B-AE9B-F7AD68D4DC34}"
EndProject
Project("{2150E333-8FDC-42A3-9474-1A3956D46DE8}") = "Api", "Api", "{6144550E-C39B-4A30-8F5E-EB942D6B39E3}"
EndProject
Project("{2150E333-8FDC-42A3-9474-1A3956D46DE8}") = "Application", "Application", "{36FCB334-371F-4B60-A3AE-5345FCEEB450}"
EndProject
Project("{2150E333-8FDC-42A3-9474-1A3956D46DE8}") = "Domain", "Domain", "{A27AC958-0C3C-40A6-86F0-41B99B45B3A8}"
EndProject
Project("{2150E333-8FDC-42A3-9474-1A3956D46DE8}") = "Data", "Data", "{2334931F-AF85-4523-A7CD-9737E9063814}"
EndProject
Project("{9A19103F-16F7-4668-BE54-9A1E7A4F7556}") = "MicroRabbit.Banking.Api", "MicroRabbit.Banking.Api\MicroRabbit.Banking.Api.csproj", "{244E913E-BDD2-4544-A05B-87A225F222ED}"
EndProject
Project("{9A19103F-16F7-4668-BE54-9A1E7A4F7556}") = "MicroRabbit.Banking.Application", "MicroRabbit.Banking.Application\MicroRabbit.Banking.Application.csproj", "{141FA244-0A98-4E71-B4B9-B3D32EE054F0}"
EndProject
Project("{9A19103F-16F7-4668-BE54-9A1E7A4F7556}") = "MicroRabbit.Banking.Data", "MicroRabbit.Banking.Data\MicroRabbit.Banking.Data.csproj", "{A75519AB-C832-4709-814C-7CA920B0DA03}"
EndProject
Project("{9A19103F-16F7-4668-BE54-9A1E7A4F7556}") = "MicroRabbit.Banking.Domain", "MicroRabbit.Banking.Domain\MicroRabbit.Banking.Domain.csproj", "{B66E4085-004D-4904-97A3-6D4A004BC952}"
EndProject
Project("{2150E333-8FDC-42A3-9474-1A3956D46DE8}") = "Transfer", "Transfer", "{AF361E40-8EAA-4D45-A9F3-7B87311FC8F7}"
EndProject
Project("{2150E333-8FDC-42A3-9474-1A3956D46DE8}") = "Api", "Api", "{EEAA2168-8BAF-4094-8EF1-17BAE23906CE}"
EndProject
Project("{2150E333-8FDC-42A3-9474-1A3956D46DE8}") = "Application", "Application", "{70FFB65C-F76D-47B2-BE59-43BCC05DAB51}"
EndProject
Project("{2150E333-8FDC-42A3-9474-1A3956D46DE8}") = "Data", "Data", "{A9B6FD3E-C781-454F-8894-6E5C969A9067}"
EndProject
Project("{2150E333-8FDC-42A3-9474-1A3956D46DE8}") = "Domain", "Domain", "{BB0F1851-6B7B-4E66-93A2-D7C5DB5E94AA}"
EndProject
Project("{FAE04EC0-301F-11D3-BF4B-00C04F79EFBC}") = "MicroRabbit.Transfer.Api", "MicroRabbit.Transfer.Api\MicroRabbit.Transfer.Api.csproj", "{7F12E1E5-8FE6-4C0E-B62E-3B92AE1AA0A5}"
EndProject
Project("{FAE04EC0-301F-11D3-BF4B-00C04F79EFBC}") = "MicroRabbit.Transfer.Application", "MicroRabbit.Transfer.Application\MicroRabbit.Transfer.Application.csproj", "{95021C41-F1F0-4C44-8A50-17C8D347BE2E}"
EndProject
Project("{FAE04EC0-301F-11D3-BF4B-00C04F79EFBC}") = "MicroRabbit.Transfer.Data", "MicroRabbit.Transfer.Data\MicroRabbit.Transfer.Data.csproj", "{72D22B0B-140D-4992-AFBA-62E5FB8DB3B9}"
EndProject
Project("{FAE04EC0-301F-11D3-BF4B-00C04F79EFBC}") = "MicroRabbit.Transfer.Domain", "MicroRabbit.Transfer.Domain\MicroRabbit.Transfer.Domain.csproj", "{7EA17BE0-B612-4E0B-85F4-8D200EC8D642}"
EndProject
Global
	GlobalSection(SolutionConfigurationPlatforms) = preSolution
		Debug|Any CPU = Debug|Any CPU
		Release|Any CPU = Release|Any CPU
	EndGlobalSection
	GlobalSection(ProjectConfigurationPlatforms) = postSolution
		{D6306F8E-8222-4326-BA2F-75A80D6941F8}.Debug|Any CPU.ActiveCfg = Debug|Any CPU
		{D6306F8E-8222-4326-BA2F-75A80D6941F8}.Debug|Any CPU.Build.0 = Debug|Any CPU
		{D6306F8E-8222-4326-BA2F-75A80D6941F8}.Release|Any CPU.ActiveCfg = Release|Any CPU
		{D6306F8E-8222-4326-BA2F-75A80D6941F8}.Release|Any CPU.Build.0 = Release|Any CPU
		{0E31C750-E563-4150-815C-41B4C8CF4D8D}.Debug|Any CPU.ActiveCfg = Debug|Any CPU
		{0E31C750-E563-4150-815C-41B4C8CF4D8D}.Debug|Any CPU.Build.0 = Debug|Any CPU
		{0E31C750-E563-4150-815C-41B4C8CF4D8D}.Release|Any CPU.ActiveCfg = Release|Any CPU
		{0E31C750-E563-4150-815C-41B4C8CF4D8D}.Release|Any CPU.Build.0 = Release|Any CPU
		{F08D8CFA-B82A-4D8E-A768-37862C622EE0}.Debug|Any CPU.ActiveCfg = Debug|Any CPU
		{F08D8CFA-B82A-4D8E-A768-37862C622EE0}.Debug|Any CPU.Build.0 = Debug|Any CPU
		{F08D8CFA-B82A-4D8E-A768-37862C622EE0}.Release|Any CPU.ActiveCfg = Release|Any CPU
		{F08D8CFA-B82A-4D8E-A768-37862C622EE0}.Release|Any CPU.Build.0 = Release|Any CPU
		{244E913E-BDD2-4544-A05B-87A225F222ED}.Debug|Any CPU.ActiveCfg = Debug|Any CPU
		{244E913E-BDD2-4544-A05B-87A225F222ED}.Debug|Any CPU.Build.0 = Debug|Any CPU
		{244E913E-BDD2-4544-A05B-87A225F222ED}.Release|Any CPU.ActiveCfg = Release|Any CPU
		{244E913E-BDD2-4544-A05B-87A225F222ED}.Release|Any CPU.Build.0 = Release|Any CPU
		{141FA244-0A98-4E71-B4B9-B3D32EE054F0}.Debug|Any CPU.ActiveCfg = Debug|Any CPU
		{141FA244-0A98-4E71-B4B9-B3D32EE054F0}.Debug|Any CPU.Build.0 = Debug|Any CPU
		{141FA244-0A98-4E71-B4B9-B3D32EE054F0}.Release|Any CPU.ActiveCfg = Release|Any CPU
		{141FA244-0A98-4E71-B4B9-B3D32EE054F0}.Release|Any CPU.Build.0 = Release|Any CPU
		{A75519AB-C832-4709-814C-7CA920B0DA03}.Debug|Any CPU.ActiveCfg = Debug|Any CPU
		{A75519AB-C832-4709-814C-7CA920B0DA03}.Debug|Any CPU.Build.0 = Debug|Any CPU
		{A75519AB-C832-4709-814C-7CA920B0DA03}.Release|Any CPU.ActiveCfg = Release|Any CPU
		{A75519AB-C832-4709-814C-7CA920B0DA03}.Release|Any CPU.Build.0 = Release|Any CPU
		{B66E4085-004D-4904-97A3-6D4A004BC952}.Debug|Any CPU.ActiveCfg = Debug|Any CPU
		{B66E4085-004D-4904-97A3-6D4A004BC952}.Debug|Any CPU.Build.0 = Debug|Any CPU
		{B66E4085-004D-4904-97A3-6D4A004BC952}.Release|Any CPU.ActiveCfg = Release|Any CPU
		{B66E4085-004D-4904-97A3-6D4A004BC952}.Release|Any CPU.Build.0 = Release|Any CPU
		{7F12E1E5-8FE6-4C0E-B62E-3B92AE1AA0A5}.Debug|Any CPU.ActiveCfg = Debug|Any CPU
		{7F12E1E5-8FE6-4C0E-B62E-3B92AE1AA0A5}.Debug|Any CPU.Build.0 = Debug|Any CPU
		{7F12E1E5-8FE6-4C0E-B62E-3B92AE1AA0A5}.Release|Any CPU.ActiveCfg = Release|Any CPU
		{7F12E1E5-8FE6-4C0E-B62E-3B92AE1AA0A5}.Release|Any CPU.Build.0 = Release|Any CPU
		{95021C41-F1F0-4C44-8A50-17C8D347BE2E}.Debug|Any CPU.ActiveCfg = Debug|Any CPU
		{95021C41-F1F0-4C44-8A50-17C8D347BE2E}.Debug|Any CPU.Build.0 = Debug|Any CPU
		{95021C41-F1F0-4C44-8A50-17C8D347BE2E}.Release|Any CPU.ActiveCfg = Release|Any CPU
		{95021C41-F1F0-4C44-8A50-17C8D347BE2E}.Release|Any CPU.Build.0 = Release|Any CPU
		{72D22B0B-140D-4992-AFBA-62E5FB8DB3B9}.Debug|Any CPU.ActiveCfg = Debug|Any CPU
		{72D22B0B-140D-4992-AFBA-62E5FB8DB3B9}.Debug|Any CPU.Build.0 = Debug|Any CPU
		{72D22B0B-140D-4992-AFBA-62E5FB8DB3B9}.Release|Any CPU.ActiveCfg = Release|Any CPU
		{72D22B0B-140D-4992-AFBA-62E5FB8DB3B9}.Release|Any CPU.Build.0 = Release|Any CPU
		{7EA17BE0-B612-4E0B-85F4-8D200EC8D642}.Debug|Any CPU.ActiveCfg = Debug|Any CPU
		{7EA17BE0-B612-4E0B-85F4-8D200EC8D642}.Debug|Any CPU.Build.0 = Debug|Any CPU
		{7EA17BE0-B612-4E0B-85F4-8D200EC8D642}.Release|Any CPU.ActiveCfg = Release|Any CPU
		{7EA17BE0-B612-4E0B-85F4-8D200EC8D642}.Release|Any CPU.Build.0 = Release|Any CPU
	EndGlobalSection
	GlobalSection(SolutionProperties) = preSolution
		HideSolutionNode = FALSE
	EndGlobalSection
	GlobalSection(NestedProjects) = preSolution
		{D6306F8E-8222-4326-BA2F-75A80D6941F8} = {1D91AA4F-8F93-4167-AB06-AE1354705802}
		{0E31C750-E563-4150-815C-41B4C8CF4D8D} = {648D26BA-71FD-481C-90AE-BD0854B85443}
		{F08D8CFA-B82A-4D8E-A768-37862C622EE0} = {ED6ABE56-1B17-4FD3-A42D-A6FE06952FE3}
		{2A399F71-467C-488B-AE9B-F7AD68D4DC34} = {84B0669D-6F91-4E00-94E3-A3E7A2221F47}
		{6144550E-C39B-4A30-8F5E-EB942D6B39E3} = {2A399F71-467C-488B-AE9B-F7AD68D4DC34}
		{36FCB334-371F-4B60-A3AE-5345FCEEB450} = {2A399F71-467C-488B-AE9B-F7AD68D4DC34}
		{A27AC958-0C3C-40A6-86F0-41B99B45B3A8} = {2A399F71-467C-488B-AE9B-F7AD68D4DC34}
		{2334931F-AF85-4523-A7CD-9737E9063814} = {2A399F71-467C-488B-AE9B-F7AD68D4DC34}
		{244E913E-BDD2-4544-A05B-87A225F222ED} = {6144550E-C39B-4A30-8F5E-EB942D6B39E3}
		{141FA244-0A98-4E71-B4B9-B3D32EE054F0} = {36FCB334-371F-4B60-A3AE-5345FCEEB450}
		{A75519AB-C832-4709-814C-7CA920B0DA03} = {2334931F-AF85-4523-A7CD-9737E9063814}
		{B66E4085-004D-4904-97A3-6D4A004BC952} = {A27AC958-0C3C-40A6-86F0-41B99B45B3A8}
		{AF361E40-8EAA-4D45-A9F3-7B87311FC8F7} = {84B0669D-6F91-4E00-94E3-A3E7A2221F47}
		{EEAA2168-8BAF-4094-8EF1-17BAE23906CE} = {AF361E40-8EAA-4D45-A9F3-7B87311FC8F7}
		{70FFB65C-F76D-47B2-BE59-43BCC05DAB51} = {AF361E40-8EAA-4D45-A9F3-7B87311FC8F7}
		{A9B6FD3E-C781-454F-8894-6E5C969A9067} = {AF361E40-8EAA-4D45-A9F3-7B87311FC8F7}
		{BB0F1851-6B7B-4E66-93A2-D7C5DB5E94AA} = {AF361E40-8EAA-4D45-A9F3-7B87311FC8F7}
		{7F12E1E5-8FE6-4C0E-B62E-3B92AE1AA0A5} = {EEAA2168-8BAF-4094-8EF1-17BAE23906CE}
		{95021C41-F1F0-4C44-8A50-17C8D347BE2E} = {70FFB65C-F76D-47B2-BE59-43BCC05DAB51}
		{72D22B0B-140D-4992-AFBA-62E5FB8DB3B9} = {A9B6FD3E-C781-454F-8894-6E5C969A9067}
		{7EA17BE0-B612-4E0B-85F4-8D200EC8D642} = {BB0F1851-6B7B-4E66-93A2-D7C5DB5E94AA}
	EndGlobalSection
	GlobalSection(ExtensibilityGlobals) = postSolution
		SolutionGuid = {9AD083A8-3341-498B-A9E4-862E3E9CDAB6}
	EndGlobalSection
EndGlobal
